
Microsoft Visual Studio Solution File, Format Version 12.00
# Visual Studio Version 17
VisualStudioVersion = 17.0.31903.59
MinimumVisualStudioVersion = 10.0.40219.1
Project("{2150E333-8FDC-42A3-9474-1A3956D46DE8}") = "src", "src", "{827E0CD3-B72D-47B6-A68D-7590B98EB39B}"
EndProject
Project("{FAE04EC0-301F-11D3-BF4B-00C04F79EFBC}") = "FlowBB.Api", "src\FlowBB.Api\FlowBB.Api.csproj", "{F82835E5-CC6D-4C11-A894-3401434171C0}"
EndProject
Project("{FAE04EC0-301F-11D3-BF4B-00C04F79EFBC}") = "FlowBB.Application", "src\FlowBB.Application\FlowBB.Application.csproj", "{3C74ACFE-6B76-4C95-B447-D7A3CAAFEA9A}"
EndProject
Project("{FAE04EC0-301F-11D3-BF4B-00C04F79EFBC}") = "FlowBB.Domain", "src\FlowBB.Domain\FlowBB.Domain.csproj", "{01EBD599-FECC-4D2F-9E46-C329F37FBBFD}"
EndProject
Project("{FAE04EC0-301F-11D3-BF4B-00C04F79EFBC}") = "FlowBB.Infrastructure", "src\FlowBB.Infrastructure\FlowBB.Infrastructure.csproj", "{27811AC0-9E23-4AD1-A010-752E9CB39497}"
EndProject
Project("{2150E333-8FDC-42A3-9474-1A3956D46DE8}") = "tests", "tests", "{0AB3BF05-4346-4AA6-1389-037BE0695223}"
EndProject
Project("{FAE04EC0-301F-11D3-BF4B-00C04F79EFBC}") = "FlowBB.Api.IntegrationTests", "tests\FlowBB.Api.IntegrationTests\FlowBB.Api.IntegrationTests.csproj", "{900ED23E-0CB2-47EC-9D16-B5563626117A}"
EndProject
Project("{FAE04EC0-301F-11D3-BF4B-00C04F79EFBC}") = "FlowBB.Domain.Tests", "tests\FlowBB.Domain.Tests\FlowBB.Domain.Tests.csproj", "{F13BBAFC-2FF1-4217-944E-6C86236C580D}"
EndProject
Global
	GlobalSection(SolutionConfigurationPlatforms) = preSolution
		Debug|Any CPU = Debug|Any CPU
		Debug|x64 = Debug|x64
		Debug|x86 = Debug|x86
		Release|Any CPU = Release|Any CPU
		Release|x64 = Release|x64
		Release|x86 = Release|x86
	EndGlobalSection
	GlobalSection(ProjectConfigurationPlatforms) = postSolution
		{F82835E5-CC6D-4C11-A894-3401434171C0}.Debug|Any CPU.ActiveCfg = Debug|Any CPU
		{F82835E5-CC6D-4C11-A894-3401434171C0}.Debug|Any CPU.Build.0 = Debug|Any CPU
		{F82835E5-CC6D-4C11-A894-3401434171C0}.Debug|x64.ActiveCfg = Debug|Any CPU
		{F82835E5-CC6D-4C11-A894-3401434171C0}.Debug|x64.Build.0 = Debug|Any CPU
		{F82835E5-CC6D-4C11-A894-3401434171C0}.Debug|x86.ActiveCfg = Debug|Any CPU
		{F82835E5-CC6D-4C11-A894-3401434171C0}.Debug|x86.Build.0 = Debug|Any CPU
		{F82835E5-CC6D-4C11-A894-3401434171C0}.Release|Any CPU.ActiveCfg = Release|Any CPU
		{F82835E5-CC6D-4C11-A894-3401434171C0}.Release|Any CPU.Build.0 = Release|Any CPU
		{F82835E5-CC6D-4C11-A894-3401434171C0}.Release|x64.ActiveCfg = Release|Any CPU
		{F82835E5-CC6D-4C11-A894-3401434171C0}.Release|x64.Build.0 = Release|Any CPU
		{F82835E5-CC6D-4C11-A894-3401434171C0}.Release|x86.ActiveCfg = Release|Any CPU
		{F82835E5-CC6D-4C11-A894-3401434171C0}.Release|x86.Build.0 = Release|Any CPU
		{3C74ACFE-6B76-4C95-B447-D7A3CAAFEA9A}.Debug|Any CPU.ActiveCfg = Debug|Any CPU
		{3C74ACFE-6B76-4C95-B447-D7A3CAAFEA9A}.Debug|Any CPU.Build.0 = Debug|Any CPU
		{3C74ACFE-6B76-4C95-B447-D7A3CAAFEA9A}.Debug|x64.ActiveCfg = Debug|Any CPU
		{3C74ACFE-6B76-4C95-B447-D7A3CAAFEA9A}.Debug|x64.Build.0 = Debug|Any CPU
		{3C74ACFE-6B76-4C95-B447-D7A3CAAFEA9A}.Debug|x86.ActiveCfg = Debug|Any CPU
		{3C74ACFE-6B76-4C95-B447-D7A3CAAFEA9A}.Debug|x86.Build.0 = Debug|Any CPU
		{3C74ACFE-6B76-4C95-B447-D7A3CAAFEA9A}.Release|Any CPU.ActiveCfg = Release|Any CPU
		{3C74ACFE-6B76-4C95-B447-D7A3CAAFEA9A}.Release|Any CPU.Build.0 = Release|Any CPU
		{3C74ACFE-6B76-4C95-B447-D7A3CAAFEA9A}.Release|x64.ActiveCfg = Release|Any CPU
		{3C74ACFE-6B76-4C95-B447-D7A3CAAFEA9A}.Release|x64.Build.0 = Release|Any CPU
		{3C74ACFE-6B76-4C95-B447-D7A3CAAFEA9A}.Release|x86.ActiveCfg = Release|Any CPU
		{3C74ACFE-6B76-4C95-B447-D7A3CAAFEA9A}.Release|x86.Build.0 = Release|Any CPU
		{01EBD599-FECC-4D2F-9E46-C329F37FBBFD}.Debug|Any CPU.ActiveCfg = Debug|Any CPU
		{01EBD599-FECC-4D2F-9E46-C329F37FBBFD}.Debug|Any CPU.Build.0 = Debug|Any CPU
		{01EBD599-FECC-4D2F-9E46-C329F37FBBFD}.Debug|x64.ActiveCfg = Debug|Any CPU
		{01EBD599-FECC-4D2F-9E46-C329F37FBBFD}.Debug|x64.Build.0 = Debug|Any CPU
		{01EBD599-FECC-4D2F-9E46-C329F37FBBFD}.Debug|x86.ActiveCfg = Debug|Any CPU
		{01EBD599-FECC-4D2F-9E46-C329F37FBBFD}.Debug|x86.Build.0 = Debug|Any CPU
		{01EBD599-FECC-4D2F-9E46-C329F37FBBFD}.Release|Any CPU.ActiveCfg = Release|Any CPU
		{01EBD599-FECC-4D2F-9E46-C329F37FBBFD}.Release|Any CPU.Build.0 = Release|Any CPU
		{01EBD599-FECC-4D2F-9E46-C329F37FBBFD}.Release|x64.ActiveCfg = Release|Any CPU
		{01EBD599-FECC-4D2F-9E46-C329F37FBBFD}.Release|x64.Build.0 = Release|Any CPU
		{01EBD599-FECC-4D2F-9E46-C329F37FBBFD}.Release|x86.ActiveCfg = Release|Any CPU
		{01EBD599-FECC-4D2F-9E46-C329F37FBBFD}.Release|x86.Build.0 = Release|Any CPU
		{27811AC0-9E23-4AD1-A010-752E9CB39497}.Debug|Any CPU.ActiveCfg = Debug|Any CPU
		{27811AC0-9E23-4AD1-A010-752E9CB39497}.Debug|Any CPU.Build.0 = Debug|Any CPU
		{27811AC0-9E23-4AD1-A010-752E9CB39497}.Debug|x64.ActiveCfg = Debug|Any CPU
		{27811AC0-9E23-4AD1-A010-752E9CB39497}.Debug|x64.Build.0 = Debug|Any CPU
		{27811AC0-9E23-4AD1-A010-752E9CB39497}.Debug|x86.ActiveCfg = Debug|Any CPU
		{27811AC0-9E23-4AD1-A010-752E9CB39497}.Debug|x86.Build.0 = Debug|Any CPU
		{27811AC0-9E23-4AD1-A010-752E9CB39497}.Release|Any CPU.ActiveCfg = Release|Any CPU
		{27811AC0-9E23-4AD1-A010-752E9CB39497}.Release|Any CPU.Build.0 = Release|Any CPU
		{27811AC0-9E23-4AD1-A010-752E9CB39497}.Release|x64.ActiveCfg = Release|Any CPU
		{27811AC0-9E23-4AD1-A010-752E9CB39497}.Release|x64.Build.0 = Release|Any CPU
		{27811AC0-9E23-4AD1-A010-752E9CB39497}.Release|x86.ActiveCfg = Release|Any CPU
		{27811AC0-9E23-4AD1-A010-752E9CB39497}.Release|x86.Build.0 = Release|Any CPU
		{900ED23E-0CB2-47EC-9D16-B5563626117A}.Debug|Any CPU.ActiveCfg = Debug|Any CPU
		{900ED23E-0CB2-47EC-9D16-B5563626117A}.Debug|Any CPU.Build.0 = Debug|Any CPU
		{900ED23E-0CB2-47EC-9D16-B5563626117A}.Debug|x64.ActiveCfg = Debug|Any CPU
		{900ED23E-0CB2-47EC-9D16-B5563626117A}.Debug|x64.Build.0 = Debug|Any CPU
		{900ED23E-0CB2-47EC-9D16-B5563626117A}.Debug|x86.ActiveCfg = Debug|Any CPU
		{900ED23E-0CB2-47EC-9D16-B5563626117A}.Debug|x86.Build.0 = Debug|Any CPU
		{900ED23E-0CB2-47EC-9D16-B5563626117A}.Release|Any CPU.ActiveCfg = Release|Any CPU
		{900ED23E-0CB2-47EC-9D16-B5563626117A}.Release|Any CPU.Build.0 = Release|Any CPU
		{900ED23E-0CB2-47EC-9D16-B5563626117A}.Release|x64.ActiveCfg = Release|Any CPU
		{900ED23E-0CB2-47EC-9D16-B5563626117A}.Release|x64.Build.0 = Release|Any CPU
		{900ED23E-0CB2-47EC-9D16-B5563626117A}.Release|x86.ActiveCfg = Release|Any CPU
		{900ED23E-0CB2-47EC-9D16-B5563626117A}.Release|x86.Build.0 = Release|Any CPU
		{F13BBAFC-2FF1-4217-944E-6C86236C580D}.Debug|Any CPU.ActiveCfg = Debug|Any CPU
		{F13BBAFC-2FF1-4217-944E-6C86236C580D}.Debug|Any CPU.Build.0 = Debug|Any CPU
		{F13BBAFC-2FF1-4217-944E-6C86236C580D}.Debug|x64.ActiveCfg = Debug|Any CPU
		{F13BBAFC-2FF1-4217-944E-6C86236C580D}.Debug|x64.Build.0 = Debug|Any CPU
		{F13BBAFC-2FF1-4217-944E-6C86236C580D}.Debug|x86.ActiveCfg = Debug|Any CPU
		{F13BBAFC-2FF1-4217-944E-6C86236C580D}.Debug|x86.Build.0 = Debug|Any CPU
		{F13BBAFC-2FF1-4217-944E-6C86236C580D}.Release|Any CPU.ActiveCfg = Release|Any CPU
		{F13BBAFC-2FF1-4217-944E-6C86236C580D}.Release|Any CPU.Build.0 = Release|Any CPU
		{F13BBAFC-2FF1-4217-944E-6C86236C580D}.Release|x64.ActiveCfg = Release|Any CPU
		{F13BBAFC-2FF1-4217-944E-6C86236C580D}.Release|x64.Build.0 = Release|Any CPU
		{F13BBAFC-2FF1-4217-944E-6C86236C580D}.Release|x86.ActiveCfg = Release|Any CPU
		{F13BBAFC-2FF1-4217-944E-6C86236C580D}.Release|x86.Build.0 = Release|Any CPU
	EndGlobalSection
	GlobalSection(SolutionProperties) = preSolution
		HideSolutionNode = FALSE
	EndGlobalSection
	GlobalSection(NestedProjects) = preSolution
		{F82835E5-CC6D-4C11-A894-3401434171C0} = {827E0CD3-B72D-47B6-A68D-7590B98EB39B}
		{3C74ACFE-6B76-4C95-B447-D7A3CAAFEA9A} = {827E0CD3-B72D-47B6-A68D-7590B98EB39B}
		{01EBD599-FECC-4D2F-9E46-C329F37FBBFD} = {827E0CD3-B72D-47B6-A68D-7590B98EB39B}
		{27811AC0-9E23-4AD1-A010-752E9CB39497} = {827E0CD3-B72D-47B6-A68D-7590B98EB39B}
		{900ED23E-0CB2-47EC-9D16-B5563626117A} = {0AB3BF05-4346-4AA6-1389-037BE0695223}
		{F13BBAFC-2FF1-4217-944E-6C86236C580D} = {0AB3BF05-4346-4AA6-1389-037BE0695223}
	EndGlobalSection
EndGlobal
